
Microsoft Visual Studio Solution File, Format Version 12.00
# Visual Studio Version 17
VisualStudioVersion = 17.0.31903.59
MinimumVisualStudioVersion = 10.0.40219.1
Project("{9A19103F-16F7-4668-BE54-9A1E7A4F7556}") = "Iciclecreek.AI.OpenAI", "Iciclecreek.AI.OpenAI\Iciclecreek.AI.OpenAI.csproj", "{F1819E3C-74CA-499A-AE5A-150C414849CF}"
EndProject
Project("{9A19103F-16F7-4668-BE54-9A1E7A4F7556}") = "Iciclecreek.AI.OpenAI.Tests", "Iciclecreek.AI.OpenAI.Tests\Iciclecreek.AI.OpenAI.Tests.csproj", "{D42F512F-BB72-40B7-992D-BFA477CBAE0B}"
EndProject
Project("{FAE04EC0-301F-11D3-BF4B-00C04F79EFBC}") = "Iciclecreek.AI.OpenAI.FormFill", "Iciclecreek.AI.OpenAI.FormFill\Iciclecreek.AI.OpenAI.FormFill.csproj", "{B1E969A7-C99C-46E9-8852-0D2E89935A8B}"
EndProject
Project("{FAE04EC0-301F-11D3-BF4B-00C04F79EFBC}") = "Iciclecreek.AI.OpenAI.FormFill.Tests", "Iciclecreek.AI.OpenAI.FormFill.Tests\Iciclecreek.AI.OpenAI.FormFill.Tests.csproj", "{41DCDF29-2948-4C25-BF08-BCF85D06826C}"
EndProject
Global
	GlobalSection(SolutionConfigurationPlatforms) = preSolution
		Debug|Any CPU = Debug|Any CPU
		Release|Any CPU = Release|Any CPU
	EndGlobalSection
	GlobalSection(ProjectConfigurationPlatforms) = postSolution
		{F1819E3C-74CA-499A-AE5A-150C414849CF}.Debug|Any CPU.ActiveCfg = Debug|Any CPU
		{F1819E3C-74CA-499A-AE5A-150C414849CF}.Debug|Any CPU.Build.0 = Debug|Any CPU
		{F1819E3C-74CA-499A-AE5A-150C414849CF}.Release|Any CPU.ActiveCfg = Release|Any CPU
		{F1819E3C-74CA-499A-AE5A-150C414849CF}.Release|Any CPU.Build.0 = Release|Any CPU
		{D42F512F-BB72-40B7-992D-BFA477CBAE0B}.Debug|Any CPU.ActiveCfg = Debug|Any CPU
		{D42F512F-BB72-40B7-992D-BFA477CBAE0B}.Debug|Any CPU.Build.0 = Debug|Any CPU
		{D42F512F-BB72-40B7-992D-BFA477CBAE0B}.Release|Any CPU.ActiveCfg = Release|Any CPU
		{D42F512F-BB72-40B7-992D-BFA477CBAE0B}.Release|Any CPU.Build.0 = Release|Any CPU
		{B1E969A7-C99C-46E9-8852-0D2E89935A8B}.Debug|Any CPU.ActiveCfg = Debug|Any CPU
		{B1E969A7-C99C-46E9-8852-0D2E89935A8B}.Debug|Any CPU.Build.0 = Debug|Any CPU
		{B1E969A7-C99C-46E9-8852-0D2E89935A8B}.Release|Any CPU.ActiveCfg = Release|Any CPU
		{B1E969A7-C99C-46E9-8852-0D2E89935A8B}.Release|Any CPU.Build.0 = Release|Any CPU
		{41DCDF29-2948-4C25-BF08-BCF85D06826C}.Debug|Any CPU.ActiveCfg = Debug|Any CPU
		{41DCDF29-2948-4C25-BF08-BCF85D06826C}.Debug|Any CPU.Build.0 = Debug|Any CPU
		{41DCDF29-2948-4C25-BF08-BCF85D06826C}.Release|Any CPU.ActiveCfg = Release|Any CPU
		{41DCDF29-2948-4C25-BF08-BCF85D06826C}.Release|Any CPU.Build.0 = Release|Any CPU
	EndGlobalSection
	GlobalSection(SolutionProperties) = preSolution
		HideSolutionNode = FALSE
	EndGlobalSection
	GlobalSection(ExtensibilityGlobals) = postSolution
		SolutionGuid = {ACFB65BA-772B-45F4-8D45-6C0EE5DE49E0}
	EndGlobalSection
EndGlobal
